<?xml version="1.0" encoding="utf-8"?>
<Project ToolsVersion="4.0" xmlns="http://schemas.microsoft.com/developer/msbuild/2003">
  <ItemGroup>
    <Filter Include="Starrize">
      <UniqueIdentifier>{D97602E1-C543-5DEC-EE5C-4B94DA88927A}</UniqueIdentifier>
    </Filter>
    <Filter Include="Starrize\Events">
      <UniqueIdentifier>{b7607671-89f9-451d-a7fe-a4d8b8e4a749}</UniqueIdentifier>
    </Filter>
  </ItemGroup>
  <ItemGroup>
    <ClInclude Include="src\Starrize.h" />
    <ClInclude Include="src\Starrize\Application.h">
      <Filter>Starrize</Filter>
    </ClInclude>
    <ClInclude Include="src\Starrize\Core.h">
      <Filter>Starrize</Filter>
    </ClInclude>
    <ClInclude Include="src\Starrize\EntryPoint.h">
      <Filter>Starrize</Filter>
    </ClInclude>
    <ClInclude Include="src\Starrize\Log.h">
      <Filter>Starrize</Filter>
    </ClInclude>
    <ClInclude Include="event.h">
      <Filter>Starrize\Events</Filter>
    </ClInclude>
    <ClInclude Include="KeyEvent.h">
      <Filter>Starrize\Events</Filter>
    </ClInclude>
  </ItemGroup>
  <ItemGroup>
    <ClCompile Include="src\Starrize\Application.cpp">
      <Filter>Starrize</Filter>
    </ClCompile>
    <ClCompile Include="src\Starrize\Log.cpp">
      <Filter>Starrize</Filter>
    </ClCompile>
  </ItemGroup>
</Project>